// !$*UTF8*$!
{
	archiveVersion = 1;
	classes = {
	};
	objectVersion = 55;
	objects = {

/* Begin PBXBuildFile section */
		ED493EFE2845166300EF6AF3 /* background_music.mp3 in Resources */ = {isa = PBXBuildFile; fileRef = ED493EFD2845166300EF6AF3 /* background_music.mp3 */; };
		ED493F002845356F00EF6AF3 /* home.png in Resources */ = {isa = PBXBuildFile; fileRef = ED493EFF2845356F00EF6AF3 /* home.png */; };
		ED493F042845410800EF6AF3 /* GameState.swift in Sources */ = {isa = PBXBuildFile; fileRef = ED493F032845410800EF6AF3 /* GameState.swift */; };
		ED493F072845806E00EF6AF3 /* Player1Win.png in Resources */ = {isa = PBXBuildFile; fileRef = ED493F052845806E00EF6AF3 /* Player1Win.png */; };
		ED493F082845806E00EF6AF3 /* Player2Win.png in Resources */ = {isa = PBXBuildFile; fileRef = ED493F062845806E00EF6AF3 /* Player2Win.png */; };
		ED493F0A2845822000EF6AF3 /* ResultViewController.swift in Sources */ = {isa = PBXBuildFile; fileRef = ED493F092845822000EF6AF3 /* ResultViewController.swift */; };
		ED493F0C28458A4E00EF6AF3 /* draw.png in Resources */ = {isa = PBXBuildFile; fileRef = ED493F0B28458A4E00EF6AF3 /* draw.png */; };
		ED87953C2842D88300B65BFF /* Player1.png in Resources */ = {isa = PBXBuildFile; fileRef = ED87953A2842D88300B65BFF /* Player1.png */; };
		ED87953D2842D88300B65BFF /* Player2.png in Resources */ = {isa = PBXBuildFile; fileRef = ED87953B2842D88300B65BFF /* Player2.png */; };
		ED8795432842F45100B65BFF /* reload_btn.png in Resources */ = {isa = PBXBuildFile; fileRef = ED8795422842F45100B65BFF /* reload_btn.png */; };
		ED8795452843048800B65BFF /* pause_btn.png in Resources */ = {isa = PBXBuildFile; fileRef = ED8795442843048800B65BFF /* pause_btn.png */; };
		ED879548284309E800B65BFF /* music.png in Resources */ = {isa = PBXBuildFile; fileRef = ED879546284309E800B65BFF /* music.png */; };
		ED879549284309E800B65BFF /* noMusic.png in Resources */ = {isa = PBXBuildFile; fileRef = ED879547284309E800B65BFF /* noMusic.png */; };
		ED87955028430DD500B65BFF /* cross.png in Resources */ = {isa = PBXBuildFile; fileRef = ED87954E28430DD500B65BFF /* cross.png */; };
		ED87955128430DD500B65BFF /* noughtSign.png in Resources */ = {isa = PBXBuildFile; fileRef = ED87954F28430DD500B65BFF /* noughtSign.png */; };
		EDAD182D28418CE1006A3B92 /* AppDelegate.swift in Sources */ = {isa = PBXBuildFile; fileRef = EDAD182C28418CE1006A3B92 /* AppDelegate.swift */; };
		EDAD182F28418CE1006A3B92 /* SceneDelegate.swift in Sources */ = {isa = PBXBuildFile; fileRef = EDAD182E28418CE1006A3B92 /* SceneDelegate.swift */; };
		EDAD183128418CE1006A3B92 /* ViewController.swift in Sources */ = {isa = PBXBuildFile; fileRef = EDAD183028418CE1006A3B92 /* ViewController.swift */; };
		EDAD183428418CE1006A3B92 /* Main.storyboard in Resources */ = {isa = PBXBuildFile; fileRef = EDAD183228418CE1006A3B92 /* Main.storyboard */; };
		EDAD183728418CE1006A3B92 /* FA_BhautikPethani_c0854487_iOS.xcdatamodeld in Sources */ = {isa = PBXBuildFile; fileRef = EDAD183528418CE1006A3B92 /* FA_BhautikPethani_c0854487_iOS.xcdatamodeld */; };
		EDAD183928418CE3006A3B92 /* Assets.xcassets in Resources */ = {isa = PBXBuildFile; fileRef = EDAD183828418CE3006A3B92 /* Assets.xcassets */; };
		EDAD183C28418CE3006A3B92 /* LaunchScreen.storyboard in Resources */ = {isa = PBXBuildFile; fileRef = EDAD183A28418CE3006A3B92 /* LaunchScreen.storyboard */; };
		EDBB787528419DB200BC1E94 /* splashScreen.gif in Resources */ = {isa = PBXBuildFile; fileRef = EDBB787428419DB200BC1E94 /* splashScreen.gif */; };
		EDBB787B2842934500BC1E94 /* LaoutBeauty.otf in Resources */ = {isa = PBXBuildFile; fileRef = EDBB787A2842934500BC1E94 /* LaoutBeauty.otf */; };
		EDBB78832842A9EC00BC1E94 /* textLogo.png in Resources */ = {isa = PBXBuildFile; fileRef = EDBB78822842A9EC00BC1E94 /* textLogo.png */; };
		EDBB78852842AC6F00BC1E94 /* textLogo2.png in Resources */ = {isa = PBXBuildFile; fileRef = EDBB78842842AC6F00BC1E94 /* textLogo2.png */; };
		EDBB78872842B34300BC1E94 /* vs.png in Resources */ = {isa = PBXBuildFile; fileRef = EDBB78862842B34300BC1E94 /* vs.png */; };
		EDBB788C2842CCF100BC1E94 /* BoardViewController.swift in Sources */ = {isa = PBXBuildFile; fileRef = EDBB788B2842CCF100BC1E94 /* BoardViewController.swift */; };
/* End PBXBuildFile section */

/* Begin PBXFileReference section */
		ED493EFD2845166300EF6AF3 /* background_music.mp3 */ = {isa = PBXFileReference; lastKnownFileType = audio.mp3; path = background_music.mp3; sourceTree = "<group>"; };
		ED493EFF2845356F00EF6AF3 /* home.png */ = {isa = PBXFileReference; lastKnownFileType = image.png; path = home.png; sourceTree = "<group>"; };
		ED493F032845410800EF6AF3 /* GameState.swift */ = {isa = PBXFileReference; lastKnownFileType = sourcecode.swift; path = GameState.swift; sourceTree = "<group>"; };
		ED493F052845806E00EF6AF3 /* Player1Win.png */ = {isa = PBXFileReference; lastKnownFileType = image.png; path = Player1Win.png; sourceTree = "<group>"; };
		ED493F062845806E00EF6AF3 /* Player2Win.png */ = {isa = PBXFileReference; lastKnownFileType = image.png; path = Player2Win.png; sourceTree = "<group>"; };
		ED493F092845822000EF6AF3 /* ResultViewController.swift */ = {isa = PBXFileReference; lastKnownFileType = sourcecode.swift; path = ResultViewController.swift; sourceTree = "<group>"; };
		ED493F0B28458A4E00EF6AF3 /* draw.png */ = {isa = PBXFileReference; lastKnownFileType = image.png; path = draw.png; sourceTree = "<group>"; };
		ED87953A2842D88300B65BFF /* Player1.png */ = {isa = PBXFileReference; lastKnownFileType = image.png; name = Player1.png; path = ../../../../../../Player1.png; sourceTree = "<group>"; };
		ED87953B2842D88300B65BFF /* Player2.png */ = {isa = PBXFileReference; lastKnownFileType = image.png; name = Player2.png; path = ../../../../../../Player2.png; sourceTree = "<group>"; };
		ED8795422842F45100B65BFF /* reload_btn.png */ = {isa = PBXFileReference; lastKnownFileType = image.png; name = reload_btn.png; path = ../../../../../../reload_btn.png; sourceTree = "<group>"; };
		ED8795442843048800B65BFF /* pause_btn.png */ = {isa = PBXFileReference; lastKnownFileType = image.png; name = pause_btn.png; path = ../../../../../../pause_btn.png; sourceTree = "<group>"; };
		ED879546284309E800B65BFF /* music.png */ = {isa = PBXFileReference; lastKnownFileType = image.png; path = music.png; sourceTree = "<group>"; };
		ED879547284309E800B65BFF /* noMusic.png */ = {isa = PBXFileReference; lastKnownFileType = image.png; path = noMusic.png; sourceTree = "<group>"; };
		ED87954E28430DD500B65BFF /* cross.png */ = {isa = PBXFileReference; lastKnownFileType = image.png; name = cross.png; path = ../../../../../../cross.png; sourceTree = "<group>"; };
		ED87954F28430DD500B65BFF /* noughtSign.png */ = {isa = PBXFileReference; lastKnownFileType = image.png; name = noughtSign.png; path = ../../../../../../noughtSign.png; sourceTree = "<group>"; };
		EDAD182928418CE1006A3B92 /* FA_BhautikPethani_c0854487_iOS.app */ = {isa = PBXFileReference; explicitFileType = wrapper.application; includeInIndex = 0; path = FA_BhautikPethani_c0854487_iOS.app; sourceTree = BUILT_PRODUCTS_DIR; };
		EDAD182C28418CE1006A3B92 /* AppDelegate.swift */ = {isa = PBXFileReference; lastKnownFileType = sourcecode.swift; path = AppDelegate.swift; sourceTree = "<group>"; };
		EDAD182E28418CE1006A3B92 /* SceneDelegate.swift */ = {isa = PBXFileReference; lastKnownFileType = sourcecode.swift; path = SceneDelegate.swift; sourceTree = "<group>"; };
		EDAD183028418CE1006A3B92 /* ViewController.swift */ = {isa = PBXFileReference; lastKnownFileType = sourcecode.swift; path = ViewController.swift; sourceTree = "<group>"; };
		EDAD183328418CE1006A3B92 /* Base */ = {isa = PBXFileReference; lastKnownFileType = file.storyboard; name = Base; path = Base.lproj/Main.storyboard; sourceTree = "<group>"; };
		EDAD183628418CE1006A3B92 /* FA_BhautikPethani_c0854487_iOS.xcdatamodel */ = {isa = PBXFileReference; lastKnownFileType = wrapper.xcdatamodel; path = FA_BhautikPethani_c0854487_iOS.xcdatamodel; sourceTree = "<group>"; };
		EDAD183828418CE3006A3B92 /* Assets.xcassets */ = {isa = PBXFileReference; lastKnownFileType = folder.assetcatalog; path = Assets.xcassets; sourceTree = "<group>"; };
		EDAD183B28418CE3006A3B92 /* Base */ = {isa = PBXFileReference; lastKnownFileType = file.storyboard; name = Base; path = Base.lproj/LaunchScreen.storyboard; sourceTree = "<group>"; };
		EDAD183D28418CE3006A3B92 /* Info.plist */ = {isa = PBXFileReference; lastKnownFileType = text.plist.xml; path = Info.plist; sourceTree = "<group>"; };
		EDBB787428419DB200BC1E94 /* splashScreen.gif */ = {isa = PBXFileReference; lastKnownFileType = image.gif; path = splashScreen.gif; sourceTree = "<group>"; };
		EDBB787A2842934500BC1E94 /* LaoutBeauty.otf */ = {isa = PBXFileReference; lastKnownFileType = file; path = LaoutBeauty.otf; sourceTree = "<group>"; };
		EDBB78822842A9EC00BC1E94 /* textLogo.png */ = {isa = PBXFileReference; lastKnownFileType = image.png; path = textLogo.png; sourceTree = "<group>"; };
		EDBB78842842AC6F00BC1E94 /* textLogo2.png */ = {isa = PBXFileReference; lastKnownFileType = image.png; path = textLogo2.png; sourceTree = "<group>"; };
		EDBB78862842B34300BC1E94 /* vs.png */ = {isa = PBXFileReference; lastKnownFileType = image.png; path = vs.png; sourceTree = "<group>"; };
		EDBB788B2842CCF100BC1E94 /* BoardViewController.swift */ = {isa = PBXFileReference; lastKnownFileType = sourcecode.swift; path = BoardViewController.swift; sourceTree = "<group>"; };
/* End PBXFileReference section */

/* Begin PBXFrameworksBuildPhase section */
		EDAD182628418CE1006A3B92 /* Frameworks */ = {
			isa = PBXFrameworksBuildPhase;
			buildActionMask = 2147483647;
			files = (
			);
			runOnlyForDeploymentPostprocessing = 0;
		};
/* End PBXFrameworksBuildPhase section */

/* Begin PBXGroup section */
		ED493EFC2845163900EF6AF3 /* Audio */ = {
			isa = PBXGroup;
			children = (
				ED493EFD2845166300EF6AF3 /* background_music.mp3 */,
			);
			path = Audio;
			sourceTree = "<group>";
		};
		EDAD182028418CE1006A3B92 = {
			isa = PBXGroup;
			children = (
				EDAD182B28418CE1006A3B92 /* FA_BhautikPethani_c0854487_iOS */,
				EDAD182A28418CE1006A3B92 /* Products */,
			);
			sourceTree = "<group>";
		};
		EDAD182A28418CE1006A3B92 /* Products */ = {
			isa = PBXGroup;
			children = (
				EDAD182928418CE1006A3B92 /* FA_BhautikPethani_c0854487_iOS.app */,
			);
			name = Products;
			sourceTree = "<group>";
		};
		EDAD182B28418CE1006A3B92 /* FA_BhautikPethani_c0854487_iOS */ = {
			isa = PBXGroup;
			children = (
				ED493EFC2845163900EF6AF3 /* Audio */,
				EDBB78882842C26900BC1E94 /* Model */,
				EDBB78792842932A00BC1E94 /* CustomFonts */,
				EDBB78762841A58C00BC1E94 /* Controller */,
				EDBB787328419DA000BC1E94 /* Images */,
				EDAD182C28418CE1006A3B92 /* AppDelegate.swift */,
				EDAD182E28418CE1006A3B92 /* SceneDelegate.swift */,
				EDAD183A28418CE3006A3B92 /* LaunchScreen.storyboard */,
				EDAD183228418CE1006A3B92 /* Main.storyboard */,
				EDAD183828418CE3006A3B92 /* Assets.xcassets */,
				EDAD183D28418CE3006A3B92 /* Info.plist */,
			);
			path = FA_BhautikPethani_c0854487_iOS;
			sourceTree = "<group>";
		};
		EDBB787328419DA000BC1E94 /* Images */ = {
			isa = PBXGroup;
			children = (
				ED493F0B28458A4E00EF6AF3 /* draw.png */,
				ED493F052845806E00EF6AF3 /* Player1Win.png */,
				ED493F062845806E00EF6AF3 /* Player2Win.png */,
				ED493EFF2845356F00EF6AF3 /* home.png */,
				ED87954E28430DD500B65BFF /* cross.png */,
				ED87954F28430DD500B65BFF /* noughtSign.png */,
				ED879546284309E800B65BFF /* music.png */,
				ED879547284309E800B65BFF /* noMusic.png */,
				ED8795442843048800B65BFF /* pause_btn.png */,
				ED8795422842F45100B65BFF /* reload_btn.png */,
				ED87953A2842D88300B65BFF /* Player1.png */,
				ED87953B2842D88300B65BFF /* Player2.png */,
				EDBB78862842B34300BC1E94 /* vs.png */,
				EDBB78842842AC6F00BC1E94 /* textLogo2.png */,
				EDBB78822842A9EC00BC1E94 /* textLogo.png */,
				EDBB787428419DB200BC1E94 /* splashScreen.gif */,
			);
			path = Images;
			sourceTree = "<group>";
		};
		EDBB78762841A58C00BC1E94 /* Controller */ = {
			isa = PBXGroup;
			children = (
				EDAD183028418CE1006A3B92 /* ViewController.swift */,
				EDBB788B2842CCF100BC1E94 /* BoardViewController.swift */,
				ED493F092845822000EF6AF3 /* ResultViewController.swift */,
			);
			path = Controller;
			sourceTree = "<group>";
		};
		EDBB78792842932A00BC1E94 /* CustomFonts */ = {
			isa = PBXGroup;
			children = (
				EDBB787A2842934500BC1E94 /* LaoutBeauty.otf */,
			);
			path = CustomFonts;
			sourceTree = "<group>";
		};
		EDBB78882842C26900BC1E94 /* Model */ = {
			isa = PBXGroup;
			children = (
				ED493F032845410800EF6AF3 /* GameState.swift */,
				EDAD183528418CE1006A3B92 /* FA_BhautikPethani_c0854487_iOS.xcdatamodeld */,
			);
			path = Model;
			sourceTree = "<group>";
		};
/* End PBXGroup section */

/* Begin PBXNativeTarget section */
		EDAD182828418CE1006A3B92 /* FA_BhautikPethani_c0854487_iOS */ = {
			isa = PBXNativeTarget;
			buildConfigurationList = EDAD184028418CE3006A3B92 /* Build configuration list for PBXNativeTarget "FA_BhautikPethani_c0854487_iOS" */;
			buildPhases = (
				EDAD182528418CE1006A3B92 /* Sources */,
				EDAD182628418CE1006A3B92 /* Frameworks */,
				EDAD182728418CE1006A3B92 /* Resources */,
			);
			buildRules = (
			);
			dependencies = (
			);
			name = FA_BhautikPethani_c0854487_iOS;
			productName = FA_BhautikPethani_c0854487_iOS;
			productReference = EDAD182928418CE1006A3B92 /* FA_BhautikPethani_c0854487_iOS.app */;
			productType = "com.apple.product-type.application";
		};
/* End PBXNativeTarget section */

/* Begin PBXProject section */
		EDAD182128418CE1006A3B92 /* Project object */ = {
			isa = PBXProject;
			attributes = {
				BuildIndependentTargetsInParallel = 1;
				LastSwiftUpdateCheck = 1330;
				LastUpgradeCheck = 1330;
				TargetAttributes = {
					EDAD182828418CE1006A3B92 = {
						CreatedOnToolsVersion = 13.3.1;
					};
				};
			};
			buildConfigurationList = EDAD182428418CE1006A3B92 /* Build configuration list for PBXProject "FA_BhautikPethani_c0854487_iOS" */;
			compatibilityVersion = "Xcode 13.0";
			developmentRegion = en;
			hasScannedForEncodings = 0;
			knownRegions = (
				en,
				Base,
			);
			mainGroup = EDAD182028418CE1006A3B92;
			productRefGroup = EDAD182A28418CE1006A3B92 /* Products */;
			projectDirPath = "";
			projectRoot = "";
			targets = (
				EDAD182828418CE1006A3B92 /* FA_BhautikPethani_c0854487_iOS */,
			);
		};
/* End PBXProject section */

/* Begin PBXResourcesBuildPhase section */
		EDAD182728418CE1006A3B92 /* Resources */ = {
			isa = PBXResourcesBuildPhase;
			buildActionMask = 2147483647;
			files = (
				ED87955028430DD500B65BFF /* cross.png in Resources */,
				ED493EFE2845166300EF6AF3 /* background_music.mp3 in Resources */,
				ED493F002845356F00EF6AF3 /* home.png in Resources */,
				EDAD183C28418CE3006A3B92 /* LaunchScreen.storyboard in Resources */,
				EDBB78852842AC6F00BC1E94 /* textLogo2.png in Resources */,
				EDBB787B2842934500BC1E94 /* LaoutBeauty.otf in Resources */,
				ED87953D2842D88300B65BFF /* Player2.png in Resources */,
				ED87953C2842D88300B65BFF /* Player1.png in Resources */,
				ED493F072845806E00EF6AF3 /* Player1Win.png in Resources */,
				EDAD183928418CE3006A3B92 /* Assets.xcassets in Resources */,
				ED493F082845806E00EF6AF3 /* Player2Win.png in Resources */,
				ED87955128430DD500B65BFF /* noughtSign.png in Resources */,
				ED879549284309E800B65BFF /* noMusic.png in Resources */,
				EDBB787528419DB200BC1E94 /* splashScreen.gif in Resources */,
				ED8795432842F45100B65BFF /* reload_btn.png in Resources */,
				EDBB78872842B34300BC1E94 /* vs.png in Resources */,
				ED8795452843048800B65BFF /* pause_btn.png in Resources */,
				ED493F0C28458A4E00EF6AF3 /* draw.png in Resources */,
				EDBB78832842A9EC00BC1E94 /* textLogo.png in Resources */,
				EDAD183428418CE1006A3B92 /* Main.storyboard in Resources */,
				ED879548284309E800B65BFF /* music.png in Resources */,
			);
			runOnlyForDeploymentPostprocessing = 0;
		};
/* End PBXResourcesBuildPhase section */

/* Begin PBXSourcesBuildPhase section */
		EDAD182528418CE1006A3B92 /* Sources */ = {
			isa = PBXSourcesBuildPhase;
			buildActionMask = 2147483647;
			files = (
				EDAD183128418CE1006A3B92 /* ViewController.swift in Sources */,
				EDAD182D28418CE1006A3B92 /* AppDelegate.swift in Sources */,
				ED493F0A2845822000EF6AF3 /* ResultViewController.swift in Sources */,
				EDAD183728418CE1006A3B92 /* FA_BhautikPethani_c0854487_iOS.xcdatamodeld in Sources */,
				ED493F042845410800EF6AF3 /* GameState.swift in Sources */,
				EDAD182F28418CE1006A3B92 /* SceneDelegate.swift in Sources */,
				EDBB788C2842CCF100BC1E94 /* BoardViewController.swift in Sources */,
			);
			runOnlyForDeploymentPostprocessing = 0;
		};
/* End PBXSourcesBuildPhase section */

/* Begin PBXVariantGroup section */
		EDAD183228418CE1006A3B92 /* Main.storyboard */ = {
			isa = PBXVariantGroup;
			children = (
				EDAD183328418CE1006A3B92 /* Base */,
			);
			name = Main.storyboard;
			sourceTree = "<group>";
		};
		EDAD183A28418CE3006A3B92 /* LaunchScreen.storyboard */ = {
			isa = PBXVariantGroup;
			children = (
				EDAD183B28418CE3006A3B92 /* Base */,
			);
			name = LaunchScreen.storyboard;
			sourceTree = "<group>";
		};
/* End PBXVariantGroup section */

/* Begin XCBuildConfiguration section */
		EDAD183E28418CE3006A3B92 /* Debug */ = {
			isa = XCBuildConfiguration;
			buildSettings = {
				ALWAYS_SEARCH_USER_PATHS = NO;
				CLANG_ANALYZER_NONNULL = YES;
				CLANG_ANALYZER_NUMBER_OBJECT_CONVERSION = YES_AGGRESSIVE;
				CLANG_CXX_LANGUAGE_STANDARD = "gnu++17";
				CLANG_ENABLE_MODULES = YES;
				CLANG_ENABLE_OBJC_ARC = YES;
				CLANG_ENABLE_OBJC_WEAK = YES;
				CLANG_WARN_BLOCK_CAPTURE_AUTORELEASING = YES;
				CLANG_WARN_BOOL_CONVERSION = YES;
				CLANG_WARN_COMMA = YES;
				CLANG_WARN_CONSTANT_CONVERSION = YES;
				CLANG_WARN_DEPRECATED_OBJC_IMPLEMENTATIONS = YES;
				CLANG_WARN_DIRECT_OBJC_ISA_USAGE = YES_ERROR;
				CLANG_WARN_DOCUMENTATION_COMMENTS = YES;
				CLANG_WARN_EMPTY_BODY = YES;
				CLANG_WARN_ENUM_CONVERSION = YES;
				CLANG_WARN_INFINITE_RECURSION = YES;
				CLANG_WARN_INT_CONVERSION = YES;
				CLANG_WARN_NON_LITERAL_NULL_CONVERSION = YES;
				CLANG_WARN_OBJC_IMPLICIT_RETAIN_SELF = YES;
				CLANG_WARN_OBJC_LITERAL_CONVERSION = YES;
				CLANG_WARN_OBJC_ROOT_CLASS = YES_ERROR;
				CLANG_WARN_QUOTED_INCLUDE_IN_FRAMEWORK_HEADER = YES;
				CLANG_WARN_RANGE_LOOP_ANALYSIS = YES;
				CLANG_WARN_STRICT_PROTOTYPES = YES;
				CLANG_WARN_SUSPICIOUS_MOVE = YES;
				CLANG_WARN_UNGUARDED_AVAILABILITY = YES_AGGRESSIVE;
				CLANG_WARN_UNREACHABLE_CODE = YES;
				CLANG_WARN__DUPLICATE_METHOD_MATCH = YES;
				COPY_PHASE_STRIP = NO;
				DEBUG_INFORMATION_FORMAT = dwarf;
				ENABLE_STRICT_OBJC_MSGSEND = YES;
				ENABLE_TESTABILITY = YES;
				GCC_C_LANGUAGE_STANDARD = gnu11;
				GCC_DYNAMIC_NO_PIC = NO;
				GCC_NO_COMMON_BLOCKS = YES;
				GCC_OPTIMIZATION_LEVEL = 0;
				GCC_PREPROCESSOR_DEFINITIONS = (
					"DEBUG=1",
					"$(inherited)",
				);
				GCC_WARN_64_TO_32_BIT_CONVERSION = YES;
				GCC_WARN_ABOUT_RETURN_TYPE = YES_ERROR;
				GCC_WARN_UNDECLARED_SELECTOR = YES;
				GCC_WARN_UNINITIALIZED_AUTOS = YES_AGGRESSIVE;
				GCC_WARN_UNUSED_FUNCTION = YES;
				GCC_WARN_UNUSED_VARIABLE = YES;
				IPHONEOS_DEPLOYMENT_TARGET = 15.4;
				MTL_ENABLE_DEBUG_INFO = INCLUDE_SOURCE;
				MTL_FAST_MATH = YES;
				ONLY_ACTIVE_ARCH = YES;
				SDKROOT = iphoneos;
				SWIFT_ACTIVE_COMPILATION_CONDITIONS = DEBUG;
				SWIFT_OPTIMIZATION_LEVEL = "-Onone";
			};
			name = Debug;
		};
		EDAD183F28418CE3006A3B92 /* Release */ = {
			isa = XCBuildConfiguration;
			buildSettings = {
				ALWAYS_SEARCH_USER_PATHS = NO;
				CLANG_ANALYZER_NONNULL = YES;
				CLANG_ANALYZER_NUMBER_OBJECT_CONVERSION = YES_AGGRESSIVE;
				CLANG_CXX_LANGUAGE_STANDARD = "gnu++17";
				CLANG_ENABLE_MODULES = YES;
				CLANG_ENABLE_OBJC_ARC = YES;
				CLANG_ENABLE_OBJC_WEAK = YES;
				CLANG_WARN_BLOCK_CAPTURE_AUTORELEASING = YES;
				CLANG_WARN_BOOL_CONVERSION = YES;
				CLANG_WARN_COMMA = YES;
				CLANG_WARN_CONSTANT_CONVERSION = YES;
				CLANG_WARN_DEPRECATED_OBJC_IMPLEMENTATIONS = YES;
				CLANG_WARN_DIRECT_OBJC_ISA_USAGE = YES_ERROR;
				CLANG_WARN_DOCUMENTATION_COMMENTS = YES;
				CLANG_WARN_EMPTY_BODY = YES;
				CLANG_WARN_ENUM_CONVERSION = YES;
				CLANG_WARN_INFINITE_RECURSION = YES;
				CLANG_WARN_INT_CONVERSION = YES;
				CLANG_WARN_NON_LITERAL_NULL_CONVERSION = YES;
				CLANG_WARN_OBJC_IMPLICIT_RETAIN_SELF = YES;
				CLANG_WARN_OBJC_LITERAL_CONVERSION = YES;
				CLANG_WARN_OBJC_ROOT_CLASS = YES_ERROR;
				CLANG_WARN_QUOTED_INCLUDE_IN_FRAMEWORK_HEADER = YES;
				CLANG_WARN_RANGE_LOOP_ANALYSIS = YES;
				CLANG_WARN_STRICT_PROTOTYPES = YES;
				CLANG_WARN_SUSPICIOUS_MOVE = YES;
				CLANG_WARN_UNGUARDED_AVAILABILITY = YES_AGGRESSIVE;
				CLANG_WARN_UNREACHABLE_CODE = YES;
				CLANG_WARN__DUPLICATE_METHOD_MATCH = YES;
				COPY_PHASE_STRIP = NO;
				DEBUG_INFORMATION_FORMAT = "dwarf-with-dsym";
				ENABLE_NS_ASSERTIONS = NO;
				ENABLE_STRICT_OBJC_MSGSEND = YES;
				GCC_C_LANGUAGE_STANDARD = gnu11;
				GCC_NO_COMMON_BLOCKS = YES;
				GCC_WARN_64_TO_32_BIT_CONVERSION = YES;
				GCC_WARN_ABOUT_RETURN_TYPE = YES_ERROR;
				GCC_WARN_UNDECLARED_SELECTOR = YES;
				GCC_WARN_UNINITIALIZED_AUTOS = YES_AGGRESSIVE;
				GCC_WARN_UNUSED_FUNCTION = YES;
				GCC_WARN_UNUSED_VARIABLE = YES;
				IPHONEOS_DEPLOYMENT_TARGET = 15.4;
				MTL_ENABLE_DEBUG_INFO = NO;
				MTL_FAST_MATH = YES;
				SDKROOT = iphoneos;
				SWIFT_COMPILATION_MODE = wholemodule;
				SWIFT_OPTIMIZATION_LEVEL = "-O";
				VALIDATE_PRODUCT = YES;
			};
			name = Release;
		};
		EDAD184128418CE3006A3B92 /* Debug */ = {
			isa = XCBuildConfiguration;
			buildSettings = {
				ASSETCATALOG_COMPILER_APPICON_NAME = AppIcon;
				ASSETCATALOG_COMPILER_GLOBAL_ACCENT_COLOR_NAME = AccentColor;
				ASSETCATALOG_COMPILER_INCLUDE_ALL_APPICON_ASSETS = YES;
				CODE_SIGN_STYLE = Automatic;
				CURRENT_PROJECT_VERSION = 1;
				GENERATE_INFOPLIST_FILE = YES;
				INFOPLIST_FILE = FA_BhautikPethani_c0854487_iOS/Info.plist;
				INFOPLIST_KEY_CFBundleDisplayName = "Tic Tac Toe";
				INFOPLIST_KEY_UIApplicationSupportsIndirectInputEvents = YES;
				INFOPLIST_KEY_UILaunchStoryboardName = LaunchScreen;
				INFOPLIST_KEY_UIMainStoryboardFile = Main;
				INFOPLIST_KEY_UIRequiresFullScreen = NO;
				INFOPLIST_KEY_UIStatusBarHidden = YES;
				INFOPLIST_KEY_UISupportedInterfaceOrientations = "UIInterfaceOrientationPortrait UIInterfaceOrientationLandscapeRight UIInterfaceOrientationLandscapeLeft UIInterfaceOrientationPortraitUpsideDown";
				INFOPLIST_KEY_UISupportedInterfaceOrientations_iPad = "UIInterfaceOrientationPortrait UIInterfaceOrientationPortraitUpsideDown UIInterfaceOrientationLandscapeLeft UIInterfaceOrientationLandscapeRight";
				INFOPLIST_KEY_UISupportedInterfaceOrientations_iPhone = "UIInterfaceOrientationPortrait UIInterfaceOrientationLandscapeLeft UIInterfaceOrientationLandscapeRight";
				LD_RUNPATH_SEARCH_PATHS = (
					"$(inherited)",
					"@executable_path/Frameworks",
				);
				MARKETING_VERSION = 1.0;
				PRODUCT_BUNDLE_IDENTIFIER = "BhautikPethani.FA-BhautikPethani-c0854487-iOS";
				PRODUCT_NAME = "$(TARGET_NAME)";
				SWIFT_EMIT_LOC_STRINGS = YES;
				SWIFT_VERSION = 5.0;
				TARGETED_DEVICE_FAMILY = "1,2";
			};
			name = Debug;
		};
		EDAD184228418CE3006A3B92 /* Release */ = {
			isa = XCBuildConfiguration;
			buildSettings = {
				ASSETCATALOG_COMPILER_APPICON_NAME = AppIcon;
				ASSETCATALOG_COMPILER_GLOBAL_ACCENT_COLOR_NAME = AccentColor;
				ASSETCATALOG_COMPILER_INCLUDE_ALL_APPICON_ASSETS = YES;
				CODE_SIGN_STYLE = Automatic;
				CURRENT_PROJECT_VERSION = 1;
				GENERATE_INFOPLIST_FILE = YES;
				INFOPLIST_FILE = FA_BhautikPethani_c0854487_iOS/Info.plist;
				INFOPLIST_KEY_CFBundleDisplayName = "Tic Tac Toe";
				INFOPLIST_KEY_UIApplicationSupportsIndirectInputEvents = YES;
				INFOPLIST_KEY_UILaunchStoryboardName = LaunchScreen;
				INFOPLIST_KEY_UIMainStoryboardFile = Main;
				INFOPLIST_KEY_UIRequiresFullScreen = NO;
				INFOPLIST_KEY_UIStatusBarHidden = YES;
				INFOPLIST_KEY_UISupportedInterfaceOrientations = "UIInterfaceOrientationPortrait UIInterfaceOrientationLandscapeRight UIInterfaceOrientationLandscapeLeft UIInterfaceOrientationPortraitUpsideDown";
				INFOPLIST_KEY_UISupportedInterfaceOrientations_iPad = "UIInterfaceOrientationPortrait UIInterfaceOrientationPortraitUpsideDown UIInterfaceOrientationLandscapeLeft UIInterfaceOrientationLandscapeRight";
				INFOPLIST_KEY_UISupportedInterfaceOrientations_iPhone = "UIInterfaceOrientationPortrait UIInterfaceOrientationLandscapeLeft UIInterfaceOrientationLandscapeRight";
				LD_RUNPATH_SEARCH_PATHS = (
					"$(inherited)",
					"@executable_path/Frameworks",
				);
				MARKETING_VERSION = 1.0;
				PRODUCT_BUNDLE_IDENTIFIER = "BhautikPethani.FA-BhautikPethani-c0854487-iOS";
				PRODUCT_NAME = "$(TARGET_NAME)";
				SWIFT_EMIT_LOC_STRINGS = YES;
				SWIFT_VERSION = 5.0;
				TARGETED_DEVICE_FAMILY = "1,2";
			};
			name = Release;
		};
/* End XCBuildConfiguration section */

/* Begin XCConfigurationList section */
		EDAD182428418CE1006A3B92 /* Build configuration list for PBXProject "FA_BhautikPethani_c0854487_iOS" */ = {
			isa = XCConfigurationList;
			buildConfigurations = (
				EDAD183E28418CE3006A3B92 /* Debug */,
				EDAD183F28418CE3006A3B92 /* Release */,
			);
			defaultConfigurationIsVisible = 0;
			defaultConfigurationName = Release;
		};
		EDAD184028418CE3006A3B92 /* Build configuration list for PBXNativeTarget "FA_BhautikPethani_c0854487_iOS" */ = {
			isa = XCConfigurationList;
			buildConfigurations = (
				EDAD184128418CE3006A3B92 /* Debug */,
				EDAD184228418CE3006A3B92 /* Release */,
			);
			defaultConfigurationIsVisible = 0;
			defaultConfigurationName = Release;
		};
/* End XCConfigurationList section */

/* Begin XCVersionGroup section */
		EDAD183528418CE1006A3B92 /* FA_BhautikPethani_c0854487_iOS.xcdatamodeld */ = {
			isa = XCVersionGroup;
			children = (
				EDAD183628418CE1006A3B92 /* FA_BhautikPethani_c0854487_iOS.xcdatamodel */,
			);
			currentVersion = EDAD183628418CE1006A3B92 /* FA_BhautikPethani_c0854487_iOS.xcdatamodel */;
			path = FA_BhautikPethani_c0854487_iOS.xcdatamodeld;
			sourceTree = "<group>";
			versionGroupType = wrapper.xcdatamodel;
		};
/* End XCVersionGroup section */
	};
	rootObject = EDAD182128418CE1006A3B92 /* Project object */;
}
